$ANSIBLE_VAULT;1.1;AES256
38346536613331663835383435623734646133376564646631376432343161303361353138316564
6564306438363965643566343630383666646537336237390a616464336462333761643662383532
63363161306539343638306633633231393733396130663163353031303333393162363366653261
6161613134333439620a643334653339383636613566333063643736613231343731306539336163
66616438323339303666326639316236323434656164303261336232666432663631613538626466
3731303836623763316635376435353434393235613964366130
