$ANSIBLE_VAULT;1.1;AES256
65343338646533313166353337303431633631353231623665363462366463653136363063386266
3065613932646436346234376562303965303361343264640a303964396532623031343534643764
63376331326161383130343064353363366466353062323338636239323531326363383235303337
3432316334626437380a366433333238383064626434383666396534656562336564663034653832
33333435646263656130653265643630633461333764643164326434316366636561
