$ANSIBLE_VAULT;1.1;AES256
66373538313365383565386261323438333237333733633561626666343362636339613132623938
3835656363656434623331316164373161383963326665620a623032323562616565356564336461
32326337306634613839343237633062366261643762656566326632653939643439303136336564
3335646637656630390a346538343662633631613737616161663634366532666161363166653264
33336334383232663035366438623964656532633662313633613965393035653737663736613335
6164623562626436393331353234653432376237323864336232
